
Microsoft Visual Studio Solution File, Format Version 12.00
# Visual Studio Version 17
VisualStudioVersion = 17.14.36202.13
MinimumVisualStudioVersion = 10.0.40219.1
Project("{FAE04EC0-301F-11D3-BF4B-00C04F79EFBC}") = "DSRSave", "DSRSave\DSRSave.csproj", "{D68B133B-3E31-4F5C-A331-817376E8ED58}"
EndProject
Project("{FAE04EC0-301F-11D3-BF4B-00C04F79EFBC}") = "Test", "Test\Test.csproj", "{F2BDD2B5-138A-462C-908F-28E4DC4E1BC5}"
EndProject
Global
	GlobalSection(SolutionConfigurationPlatforms) = preSolution
		Debug|Any CPU = Debug|Any CPU
		Release|Any CPU = Release|Any CPU
	EndGlobalSection
	GlobalSection(ProjectConfigurationPlatforms) = postSolution
		{D68B133B-3E31-4F5C-A331-817376E8ED58}.Debug|Any CPU.ActiveCfg = Debug|Any CPU
		{D68B133B-3E31-4F5C-A331-817376E8ED58}.Debug|Any CPU.Build.0 = Debug|Any CPU
		{D68B133B-3E31-4F5C-A331-817376E8ED58}.Release|Any CPU.ActiveCfg = Release|Any CPU
		{D68B133B-3E31-4F5C-A331-817376E8ED58}.Release|Any CPU.Build.0 = Release|Any CPU
		{F2BDD2B5-138A-462C-908F-28E4DC4E1BC5}.Debug|Any CPU.ActiveCfg = Debug|Any CPU
		{F2BDD2B5-138A-462C-908F-28E4DC4E1BC5}.Debug|Any CPU.Build.0 = Debug|Any CPU
		{F2BDD2B5-138A-462C-908F-28E4DC4E1BC5}.Release|Any CPU.ActiveCfg = Release|Any CPU
		{F2BDD2B5-138A-462C-908F-28E4DC4E1BC5}.Release|Any CPU.Build.0 = Release|Any CPU
	EndGlobalSection
	GlobalSection(SolutionProperties) = preSolution
		HideSolutionNode = FALSE
	EndGlobalSection
	GlobalSection(ExtensibilityGlobals) = postSolution
		SolutionGuid = {43446C7A-6FB1-48D1-ADF8-28C70BF1E56F}
	EndGlobalSection
EndGlobal
